// !$*UTF8*$!
{
	archiveVersion = 1;
	classes = {
	};
	objectVersion = 46;
	objects = {

/* Begin PBXBuildFile section */
		E71C0C811D917313006BC275 /* Heucheras+CoreDataClass.m in Sources */ = {isa = PBXBuildFile; fileRef = E71C0C7A1D917313006BC275 /* Heucheras+CoreDataClass.m */; };
		E71C0C821D917313006BC275 /* Heucheras+CoreDataProperties.m in Sources */ = {isa = PBXBuildFile; fileRef = E71C0C7C1D917313006BC275 /* Heucheras+CoreDataProperties.m */; };
		E71C0C831D917313006BC275 /* Ownership+CoreDataClass.m in Sources */ = {isa = PBXBuildFile; fileRef = E71C0C7E1D917313006BC275 /* Ownership+CoreDataClass.m */; };
		E71C0C841D917313006BC275 /* Ownership+CoreDataProperties.m in Sources */ = {isa = PBXBuildFile; fileRef = E71C0C801D917313006BC275 /* Ownership+CoreDataProperties.m */; };
		E74990761D8FBE6A00AC72A1 /* main.m in Sources */ = {isa = PBXBuildFile; fileRef = E74990751D8FBE6A00AC72A1 /* main.m */; };
		E74990791D8FBE6A00AC72A1 /* AppDelegate.m in Sources */ = {isa = PBXBuildFile; fileRef = E74990781D8FBE6A00AC72A1 /* AppDelegate.m */; };
		E749907C1D8FBE6A00AC72A1 /* ViewController.m in Sources */ = {isa = PBXBuildFile; fileRef = E749907B1D8FBE6A00AC72A1 /* ViewController.m */; };
		E749907F1D8FBE6A00AC72A1 /* Main.storyboard in Resources */ = {isa = PBXBuildFile; fileRef = E749907D1D8FBE6A00AC72A1 /* Main.storyboard */; };
		E74990821D8FBE6A00AC72A1 /* Heuchera_Handbook.xcdatamodeld in Sources */ = {isa = PBXBuildFile; fileRef = E74990801D8FBE6A00AC72A1 /* Heuchera_Handbook.xcdatamodeld */; };
		E74990841D8FBE6A00AC72A1 /* Assets.xcassets in Resources */ = {isa = PBXBuildFile; fileRef = E74990831D8FBE6A00AC72A1 /* Assets.xcassets */; };
		E74990871D8FBE6A00AC72A1 /* LaunchScreen.storyboard in Resources */ = {isa = PBXBuildFile; fileRef = E74990851D8FBE6A00AC72A1 /* LaunchScreen.storyboard */; };
/* End PBXBuildFile section */

/* Begin PBXFileReference section */
		E71C0C791D917313006BC275 /* Heucheras+CoreDataClass.h */ = {isa = PBXFileReference; fileEncoding = 4; lastKnownFileType = sourcecode.c.h; path = "Heucheras+CoreDataClass.h"; sourceTree = "<group>"; };
		E71C0C7A1D917313006BC275 /* Heucheras+CoreDataClass.m */ = {isa = PBXFileReference; fileEncoding = 4; lastKnownFileType = sourcecode.c.objc; path = "Heucheras+CoreDataClass.m"; sourceTree = "<group>"; };
		E71C0C7B1D917313006BC275 /* Heucheras+CoreDataProperties.h */ = {isa = PBXFileReference; fileEncoding = 4; lastKnownFileType = sourcecode.c.h; path = "Heucheras+CoreDataProperties.h"; sourceTree = "<group>"; };
		E71C0C7C1D917313006BC275 /* Heucheras+CoreDataProperties.m */ = {isa = PBXFileReference; fileEncoding = 4; lastKnownFileType = sourcecode.c.objc; path = "Heucheras+CoreDataProperties.m"; sourceTree = "<group>"; };
		E71C0C7D1D917313006BC275 /* Ownership+CoreDataClass.h */ = {isa = PBXFileReference; fileEncoding = 4; lastKnownFileType = sourcecode.c.h; path = "Ownership+CoreDataClass.h"; sourceTree = "<group>"; };
		E71C0C7E1D917313006BC275 /* Ownership+CoreDataClass.m */ = {isa = PBXFileReference; fileEncoding = 4; lastKnownFileType = sourcecode.c.objc; path = "Ownership+CoreDataClass.m"; sourceTree = "<group>"; };
		E71C0C7F1D917313006BC275 /* Ownership+CoreDataProperties.h */ = {isa = PBXFileReference; fileEncoding = 4; lastKnownFileType = sourcecode.c.h; path = "Ownership+CoreDataProperties.h"; sourceTree = "<group>"; };
		E71C0C801D917313006BC275 /* Ownership+CoreDataProperties.m */ = {isa = PBXFileReference; fileEncoding = 4; lastKnownFileType = sourcecode.c.objc; path = "Ownership+CoreDataProperties.m"; sourceTree = "<group>"; };
		E74990711D8FBE6A00AC72A1 /* Heuchera Handbook.app */ = {isa = PBXFileReference; explicitFileType = wrapper.application; includeInIndex = 0; path = "Heuchera Handbook.app"; sourceTree = BUILT_PRODUCTS_DIR; };
		E74990751D8FBE6A00AC72A1 /* main.m */ = {isa = PBXFileReference; lastKnownFileType = sourcecode.c.objc; path = main.m; sourceTree = "<group>"; };
		E74990771D8FBE6A00AC72A1 /* AppDelegate.h */ = {isa = PBXFileReference; lastKnownFileType = sourcecode.c.h; path = AppDelegate.h; sourceTree = "<group>"; };
		E74990781D8FBE6A00AC72A1 /* AppDelegate.m */ = {isa = PBXFileReference; lastKnownFileType = sourcecode.c.objc; path = AppDelegate.m; sourceTree = "<group>"; };
		E749907A1D8FBE6A00AC72A1 /* ViewController.h */ = {isa = PBXFileReference; lastKnownFileType = sourcecode.c.h; name = ViewController.h; path = "Heuchera Handbook/ViewController.h"; sourceTree = "<group>"; };
		E749907B1D8FBE6A00AC72A1 /* ViewController.m */ = {isa = PBXFileReference; lastKnownFileType = sourcecode.c.objc; name = ViewController.m; path = "Heuchera Handbook/ViewController.m"; sourceTree = "<group>"; };
		E749907E1D8FBE6A00AC72A1 /* Base */ = {isa = PBXFileReference; lastKnownFileType = file.storyboard; name = Base; path = Base.lproj/Main.storyboard; sourceTree = "<group>"; };
		E74990811D8FBE6A00AC72A1 /* Heuchera_Handbook.xcdatamodel */ = {isa = PBXFileReference; lastKnownFileType = wrapper.xcdatamodel; path = Heuchera_Handbook.xcdatamodel; sourceTree = "<group>"; };
		E74990831D8FBE6A00AC72A1 /* Assets.xcassets */ = {isa = PBXFileReference; lastKnownFileType = folder.assetcatalog; path = Assets.xcassets; sourceTree = "<group>"; };
		E74990861D8FBE6A00AC72A1 /* Base */ = {isa = PBXFileReference; lastKnownFileType = file.storyboard; name = Base; path = Base.lproj/LaunchScreen.storyboard; sourceTree = "<group>"; };
		E74990881D8FBE6A00AC72A1 /* Info.plist */ = {isa = PBXFileReference; lastKnownFileType = text.plist.xml; path = Info.plist; sourceTree = "<group>"; };
/* End PBXFileReference section */

/* Begin PBXFrameworksBuildPhase section */
		E749906E1D8FBE6A00AC72A1 /* Frameworks */ = {
			isa = PBXFrameworksBuildPhase;
			buildActionMask = 2147483647;
			files = (
			);
			runOnlyForDeploymentPostprocessing = 0;
		};
/* End PBXFrameworksBuildPhase section */

/* Begin PBXGroup section */
		E74990681D8FBE6A00AC72A1 = {
			isa = PBXGroup;
			children = (
				E74990731D8FBE6A00AC72A1 /* Heuchera Handbook */,
				E74990721D8FBE6A00AC72A1 /* Products */,
			);
			sourceTree = "<group>";
		};
		E74990721D8FBE6A00AC72A1 /* Products */ = {
			isa = PBXGroup;
			children = (
				E74990711D8FBE6A00AC72A1 /* Heuchera Handbook.app */,
			);
			name = Products;
			sourceTree = "<group>";
		};
		E74990731D8FBE6A00AC72A1 /* Heuchera Handbook */ = {
			isa = PBXGroup;
			children = (
				E74990A81D8FC4A800AC72A1 /* Controller */,
				E74990A71D8FC49D00AC72A1 /* View */,
				E74990A61D8FC47100AC72A1 /* Model */,
				E74990771D8FBE6A00AC72A1 /* AppDelegate.h */,
				E74990781D8FBE6A00AC72A1 /* AppDelegate.m */,
				E749907D1D8FBE6A00AC72A1 /* Main.storyboard */,
				E74990831D8FBE6A00AC72A1 /* Assets.xcassets */,
				E74990851D8FBE6A00AC72A1 /* LaunchScreen.storyboard */,
				E74990881D8FBE6A00AC72A1 /* Info.plist */,
				E74990741D8FBE6A00AC72A1 /* Supporting Files */,
			);
			path = "Heuchera Handbook";
			sourceTree = "<group>";
		};
		E74990741D8FBE6A00AC72A1 /* Supporting Files */ = {
			isa = PBXGroup;
			children = (
				E74990751D8FBE6A00AC72A1 /* main.m */,
			);
			name = "Supporting Files";
			sourceTree = "<group>";
		};
		E74990A61D8FC47100AC72A1 /* Model */ = {
			isa = PBXGroup;
			children = (
				E71C0C791D917313006BC275 /* Heucheras+CoreDataClass.h */,
				E71C0C7A1D917313006BC275 /* Heucheras+CoreDataClass.m */,
				E71C0C7B1D917313006BC275 /* Heucheras+CoreDataProperties.h */,
				E71C0C7C1D917313006BC275 /* Heucheras+CoreDataProperties.m */,
				E71C0C7D1D917313006BC275 /* Ownership+CoreDataClass.h */,
				E71C0C7E1D917313006BC275 /* Ownership+CoreDataClass.m */,
				E71C0C7F1D917313006BC275 /* Ownership+CoreDataProperties.h */,
				E71C0C801D917313006BC275 /* Ownership+CoreDataProperties.m */,
				E74990801D8FBE6A00AC72A1 /* Heuchera_Handbook.xcdatamodeld */,
			);
			name = Model;
			path = ..;
			sourceTree = "<group>";
		};
		E74990A71D8FC49D00AC72A1 /* View */ = {
			isa = PBXGroup;
			children = (
			);
			name = View;
			path = ..;
			sourceTree = "<group>";
		};
		E74990A81D8FC4A800AC72A1 /* Controller */ = {
			isa = PBXGroup;
			children = (
				E749907A1D8FBE6A00AC72A1 /* ViewController.h */,
				E749907B1D8FBE6A00AC72A1 /* ViewController.m */,
			);
			name = Controller;
			path = ..;
			sourceTree = "<group>";
		};
/* End PBXGroup section */

/* Begin PBXNativeTarget section */
		E74990701D8FBE6A00AC72A1 /* Heuchera Handbook */ = {
			isa = PBXNativeTarget;
			buildConfigurationList = E749908B1D8FBE6A00AC72A1 /* Build configuration list for PBXNativeTarget "Heuchera Handbook" */;
			buildPhases = (
				E749906D1D8FBE6A00AC72A1 /* Sources */,
				E749906E1D8FBE6A00AC72A1 /* Frameworks */,
				E749906F1D8FBE6A00AC72A1 /* Resources */,
			);
			buildRules = (
			);
			dependencies = (
			);
			name = "Heuchera Handbook";
			productName = "Heuchera Handbook";
			productReference = E74990711D8FBE6A00AC72A1 /* Heuchera Handbook.app */;
			productType = "com.apple.product-type.application";
		};
/* End PBXNativeTarget section */

/* Begin PBXProject section */
		E74990691D8FBE6A00AC72A1 /* Project object */ = {
			isa = PBXProject;
			attributes = {
				LastUpgradeCheck = 0800;
				ORGANIZATIONNAME = "Alan Glasby";
				TargetAttributes = {
					E74990701D8FBE6A00AC72A1 = {
						CreatedOnToolsVersion = 8.0;
						DevelopmentTeam = UBF9PWHB8L;
						ProvisioningStyle = Automatic;
					};
				};
			};
			buildConfigurationList = E749906C1D8FBE6A00AC72A1 /* Build configuration list for PBXProject "Heuchera Handbook" */;
			compatibilityVersion = "Xcode 3.2";
			developmentRegion = English;
			hasScannedForEncodings = 0;
			knownRegions = (
				en,
				Base,
			);
			mainGroup = E74990681D8FBE6A00AC72A1;
			productRefGroup = E74990721D8FBE6A00AC72A1 /* Products */;
			projectDirPath = "";
			projectRoot = "";
			targets = (
				E74990701D8FBE6A00AC72A1 /* Heuchera Handbook */,
			);
		};
/* End PBXProject section */

/* Begin PBXResourcesBuildPhase section */
		E749906F1D8FBE6A00AC72A1 /* Resources */ = {
			isa = PBXResourcesBuildPhase;
			buildActionMask = 2147483647;
			files = (
				E74990871D8FBE6A00AC72A1 /* LaunchScreen.storyboard in Resources */,
				E74990841D8FBE6A00AC72A1 /* Assets.xcassets in Resources */,
				E749907F1D8FBE6A00AC72A1 /* Main.storyboard in Resources */,
			);
			runOnlyForDeploymentPostprocessing = 0;
		};
/* End PBXResourcesBuildPhase section */

/* Begin PBXSourcesBuildPhase section */
		E749906D1D8FBE6A00AC72A1 /* Sources */ = {
			isa = PBXSourcesBuildPhase;
			buildActionMask = 2147483647;
			files = (
				E74990821D8FBE6A00AC72A1 /* Heuchera_Handbook.xcdatamodeld in Sources */,
				E71C0C811D917313006BC275 /* Heucheras+CoreDataClass.m in Sources */,
				E749907C1D8FBE6A00AC72A1 /* ViewController.m in Sources */,
				E71C0C841D917313006BC275 /* Ownership+CoreDataProperties.m in Sources */,
				E74990791D8FBE6A00AC72A1 /* AppDelegate.m in Sources */,
				E71C0C821D917313006BC275 /* Heucheras+CoreDataProperties.m in Sources */,
				E74990761D8FBE6A00AC72A1 /* main.m in Sources */,
				E71C0C831D917313006BC275 /* Ownership+CoreDataClass.m in Sources */,
			);
			runOnlyForDeploymentPostprocessing = 0;
		};
/* End PBXSourcesBuildPhase section */

/* Begin PBXVariantGroup section */
		E749907D1D8FBE6A00AC72A1 /* Main.storyboard */ = {
			isa = PBXVariantGroup;
			children = (
				E749907E1D8FBE6A00AC72A1 /* Base */,
			);
			name = Main.storyboard;
			sourceTree = "<group>";
		};
		E74990851D8FBE6A00AC72A1 /* LaunchScreen.storyboard */ = {
			isa = PBXVariantGroup;
			children = (
				E74990861D8FBE6A00AC72A1 /* Base */,
			);
			name = LaunchScreen.storyboard;
			sourceTree = "<group>";
		};
/* End PBXVariantGroup section */

/* Begin XCBuildConfiguration section */
		E74990891D8FBE6A00AC72A1 /* Debug */ = {
			isa = XCBuildConfiguration;
			buildSettings = {
				ALWAYS_SEARCH_USER_PATHS = NO;
				CLANG_ANALYZER_NONNULL = YES;
				CLANG_CXX_LANGUAGE_STANDARD = "gnu++0x";
				CLANG_CXX_LIBRARY = "libc++";
				CLANG_ENABLE_MODULES = YES;
				CLANG_ENABLE_OBJC_ARC = YES;
				CLANG_WARN_BOOL_CONVERSION = YES;
				CLANG_WARN_CONSTANT_CONVERSION = YES;
				CLANG_WARN_DIRECT_OBJC_ISA_USAGE = YES_ERROR;
				CLANG_WARN_DOCUMENTATION_COMMENTS = YES;
				CLANG_WARN_EMPTY_BODY = YES;
				CLANG_WARN_ENUM_CONVERSION = YES;
				CLANG_WARN_INFINITE_RECURSION = YES;
				CLANG_WARN_INT_CONVERSION = YES;
				CLANG_WARN_OBJC_ROOT_CLASS = YES_ERROR;
				CLANG_WARN_SUSPICIOUS_MOVES = YES;
				CLANG_WARN_UNREACHABLE_CODE = YES;
				CLANG_WARN__DUPLICATE_METHOD_MATCH = YES;
				"CODE_SIGN_IDENTITY[sdk=iphoneos*]" = "iPhone Developer";
				COPY_PHASE_STRIP = NO;
				DEBUG_INFORMATION_FORMAT = dwarf;
				ENABLE_STRICT_OBJC_MSGSEND = YES;
				ENABLE_TESTABILITY = YES;
				GCC_C_LANGUAGE_STANDARD = gnu99;
				GCC_DYNAMIC_NO_PIC = NO;
				GCC_NO_COMMON_BLOCKS = YES;
				GCC_OPTIMIZATION_LEVEL = 0;
				GCC_PREPROCESSOR_DEFINITIONS = (
					"DEBUG=1",
					"$(inherited)",
				);
				GCC_WARN_64_TO_32_BIT_CONVERSION = YES;
				GCC_WARN_ABOUT_RETURN_TYPE = YES_ERROR;
				GCC_WARN_UNDECLARED_SELECTOR = YES;
				GCC_WARN_UNINITIALIZED_AUTOS = YES_AGGRESSIVE;
				GCC_WARN_UNUSED_FUNCTION = YES;
				GCC_WARN_UNUSED_VARIABLE = YES;
				IPHONEOS_DEPLOYMENT_TARGET = 10.0;
				MTL_ENABLE_DEBUG_INFO = YES;
				ONLY_ACTIVE_ARCH = YES;
				SDKROOT = iphoneos;
				TARGETED_DEVICE_FAMILY = "1,2";
			};
			name = Debug;
		};
		E749908A1D8FBE6A00AC72A1 /* Release */ = {
			isa = XCBuildConfiguration;
			buildSettings = {
				ALWAYS_SEARCH_USER_PATHS = NO;
				CLANG_ANALYZER_NONNULL = YES;
				CLANG_CXX_LANGUAGE_STANDARD = "gnu++0x";
				CLANG_CXX_LIBRARY = "libc++";
				CLANG_ENABLE_MODULES = YES;
				CLANG_ENABLE_OBJC_ARC = YES;
				CLANG_WARN_BOOL_CONVERSION = YES;
				CLANG_WARN_CONSTANT_CONVERSION = YES;
				CLANG_WARN_DIRECT_OBJC_ISA_USAGE = YES_ERROR;
				CLANG_WARN_DOCUMENTATION_COMMENTS = YES;
				CLANG_WARN_EMPTY_BODY = YES;
				CLANG_WARN_ENUM_CONVERSION = YES;
				CLANG_WARN_INFINITE_RECURSION = YES;
				CLANG_WARN_INT_CONVERSION = YES;
				CLANG_WARN_OBJC_ROOT_CLASS = YES_ERROR;
				CLANG_WARN_SUSPICIOUS_MOVES = YES;
				CLANG_WARN_UNREACHABLE_CODE = YES;
				CLANG_WARN__DUPLICATE_METHOD_MATCH = YES;
				"CODE_SIGN_IDENTITY[sdk=iphoneos*]" = "iPhone Developer";
				COPY_PHASE_STRIP = NO;
				DEBUG_INFORMATION_FORMAT = "dwarf-with-dsym";
				ENABLE_NS_ASSERTIONS = NO;
				ENABLE_STRICT_OBJC_MSGSEND = YES;
				GCC_C_LANGUAGE_STANDARD = gnu99;
				GCC_NO_COMMON_BLOCKS = YES;
				GCC_WARN_64_TO_32_BIT_CONVERSION = YES;
				GCC_WARN_ABOUT_RETURN_TYPE = YES_ERROR;
				GCC_WARN_UNDECLARED_SELECTOR = YES;
				GCC_WARN_UNINITIALIZED_AUTOS = YES_AGGRESSIVE;
				GCC_WARN_UNUSED_FUNCTION = YES;
				GCC_WARN_UNUSED_VARIABLE = YES;
				IPHONEOS_DEPLOYMENT_TARGET = 10.0;
				MTL_ENABLE_DEBUG_INFO = NO;
				SDKROOT = iphoneos;
				TARGETED_DEVICE_FAMILY = "1,2";
				VALIDATE_PRODUCT = YES;
			};
			name = Release;
		};
		E749908C1D8FBE6A00AC72A1 /* Debug */ = {
			isa = XCBuildConfiguration;
			buildSettings = {
				ASSETCATALOG_COMPILER_APPICON_NAME = AppIcon;
				DEVELOPMENT_TEAM = UBF9PWHB8L;
				INFOPLIST_FILE = "Heuchera Handbook/Info.plist";
				LD_RUNPATH_SEARCH_PATHS = "$(inherited) @executable_path/Frameworks";
				PRODUCT_BUNDLE_IDENTIFIER = "glasby.Heuchera-Handbook";
				PRODUCT_NAME = "$(TARGET_NAME)";
			};
			name = Debug;
		};
		E749908D1D8FBE6A00AC72A1 /* Release */ = {
			isa = XCBuildConfiguration;
			buildSettings = {
				ASSETCATALOG_COMPILER_APPICON_NAME = AppIcon;
				DEVELOPMENT_TEAM = UBF9PWHB8L;
				INFOPLIST_FILE = "Heuchera Handbook/Info.plist";
				LD_RUNPATH_SEARCH_PATHS = "$(inherited) @executable_path/Frameworks";
				PRODUCT_BUNDLE_IDENTIFIER = "glasby.Heuchera-Handbook";
				PRODUCT_NAME = "$(TARGET_NAME)";
			};
			name = Release;
		};
/* End XCBuildConfiguration section */

/* Begin XCConfigurationList section */
		E749906C1D8FBE6A00AC72A1 /* Build configuration list for PBXProject "Heuchera Handbook" */ = {
			isa = XCConfigurationList;
			buildConfigurations = (
				E74990891D8FBE6A00AC72A1 /* Debug */,
				E749908A1D8FBE6A00AC72A1 /* Release */,
			);
			defaultConfigurationIsVisible = 0;
			defaultConfigurationName = Release;
		};
		E749908B1D8FBE6A00AC72A1 /* Build configuration list for PBXNativeTarget "Heuchera Handbook" */ = {
			isa = XCConfigurationList;
			buildConfigurations = (
				E749908C1D8FBE6A00AC72A1 /* Debug */,
				E749908D1D8FBE6A00AC72A1 /* Release */,
			);
			defaultConfigurationIsVisible = 0;
			defaultConfigurationName = Release;
		};
/* End XCConfigurationList section */

/* Begin XCVersionGroup section */
		E74990801D8FBE6A00AC72A1 /* Heuchera_Handbook.xcdatamodeld */ = {
			isa = XCVersionGroup;
			children = (
				E74990811D8FBE6A00AC72A1 /* Heuchera_Handbook.xcdatamodel */,
			);
			currentVersion = E74990811D8FBE6A00AC72A1 /* Heuchera_Handbook.xcdatamodel */;
			name = Heuchera_Handbook.xcdatamodeld;
			path = "Heuchera Handbook/Heuchera_Handbook.xcdatamodeld";
			sourceTree = "<group>";
			versionGroupType = wrapper.xcdatamodel;
		};
/* End XCVersionGroup section */
	};
	rootObject = E74990691D8FBE6A00AC72A1 /* Project object */;
}
